// !$*UTF8*$!
{
	archiveVersion = 1;
	classes = {
	};
	objectVersion = 46;
	objects = {

/* Begin PBXBuildFile section */
		BD2013A81A775FF900FBE6C8 /* BWDB.m in Sources */ = {isa = PBXBuildFile; fileRef = BD2013A71A775FF900FBE6C8 /* BWDB.m */; };
		BDC8E4431A759A9E0013C2BE /* main.m in Sources */ = {isa = PBXBuildFile; fileRef = BDC8E4421A759A9E0013C2BE /* main.m */; };
		BDC8E4461A759A9E0013C2BE /* AppDelegate.m in Sources */ = {isa = PBXBuildFile; fileRef = BDC8E4451A759A9E0013C2BE /* AppDelegate.m */; };
		BDC8E4491A759A9E0013C2BE /* MasterViewController.m in Sources */ = {isa = PBXBuildFile; fileRef = BDC8E4481A759A9E0013C2BE /* MasterViewController.m */; };
		BDC8E44C1A759A9E0013C2BE /* DetailViewController.m in Sources */ = {isa = PBXBuildFile; fileRef = BDC8E44B1A759A9E0013C2BE /* DetailViewController.m */; };
		BDC8E44F1A759A9E0013C2BE /* Main.storyboard in Resources */ = {isa = PBXBuildFile; fileRef = BDC8E44D1A759A9E0013C2BE /* Main.storyboard */; };
		BDC8E4511A759A9E0013C2BE /* Images.xcassets in Resources */ = {isa = PBXBuildFile; fileRef = BDC8E4501A759A9E0013C2BE /* Images.xcassets */; };
		BDC8E4541A759A9E0013C2BE /* LaunchScreen.xib in Resources */ = {isa = PBXBuildFile; fileRef = BDC8E4521A759A9E0013C2BE /* LaunchScreen.xib */; };
		BDC8E4601A759A9E0013C2BE /* RSS_AggregatorTests.m in Sources */ = {isa = PBXBuildFile; fileRef = BDC8E45F1A759A9E0013C2BE /* RSS_AggregatorTests.m */; };
/* End PBXBuildFile section */

/* Begin PBXContainerItemProxy section */
		BDC8E45A1A759A9E0013C2BE /* PBXContainerItemProxy */ = {
			isa = PBXContainerItemProxy;
			containerPortal = BDC8E4351A759A9E0013C2BE /* Project object */;
			proxyType = 1;
			remoteGlobalIDString = BDC8E43C1A759A9E0013C2BE;
			remoteInfo = "RSS-Aggregator";
		};
/* End PBXContainerItemProxy section */

/* Begin PBXFileReference section */
		BD2013A61A775FF900FBE6C8 /* BWDB.h */ = {isa = PBXFileReference; fileEncoding = 4; lastKnownFileType = sourcecode.c.h; path = BWDB.h; sourceTree = "<group>"; };
		BD2013A71A775FF900FBE6C8 /* BWDB.m */ = {isa = PBXFileReference; fileEncoding = 4; lastKnownFileType = sourcecode.c.objc; path = BWDB.m; sourceTree = "<group>"; };
		BDC8E43D1A759A9E0013C2BE /* RSS-Aggregator.app */ = {isa = PBXFileReference; explicitFileType = wrapper.application; includeInIndex = 0; path = "RSS-Aggregator.app"; sourceTree = BUILT_PRODUCTS_DIR; };
		BDC8E4411A759A9E0013C2BE /* Info.plist */ = {isa = PBXFileReference; lastKnownFileType = text.plist.xml; path = Info.plist; sourceTree = "<group>"; };
		BDC8E4421A759A9E0013C2BE /* main.m */ = {isa = PBXFileReference; lastKnownFileType = sourcecode.c.objc; path = main.m; sourceTree = "<group>"; };
		BDC8E4441A759A9E0013C2BE /* AppDelegate.h */ = {isa = PBXFileReference; lastKnownFileType = sourcecode.c.h; path = AppDelegate.h; sourceTree = "<group>"; };
		BDC8E4451A759A9E0013C2BE /* AppDelegate.m */ = {isa = PBXFileReference; lastKnownFileType = sourcecode.c.objc; path = AppDelegate.m; sourceTree = "<group>"; };
		BDC8E4471A759A9E0013C2BE /* MasterViewController.h */ = {isa = PBXFileReference; lastKnownFileType = sourcecode.c.h; path = MasterViewController.h; sourceTree = "<group>"; };
		BDC8E4481A759A9E0013C2BE /* MasterViewController.m */ = {isa = PBXFileReference; lastKnownFileType = sourcecode.c.objc; path = MasterViewController.m; sourceTree = "<group>"; };
		BDC8E44A1A759A9E0013C2BE /* DetailViewController.h */ = {isa = PBXFileReference; lastKnownFileType = sourcecode.c.h; path = DetailViewController.h; sourceTree = "<group>"; };
		BDC8E44B1A759A9E0013C2BE /* DetailViewController.m */ = {isa = PBXFileReference; lastKnownFileType = sourcecode.c.objc; path = DetailViewController.m; sourceTree = "<group>"; };
		BDC8E44E1A759A9E0013C2BE /* Base */ = {isa = PBXFileReference; lastKnownFileType = file.storyboard; name = Base; path = Base.lproj/Main.storyboard; sourceTree = "<group>"; };
		BDC8E4501A759A9E0013C2BE /* Images.xcassets */ = {isa = PBXFileReference; lastKnownFileType = folder.assetcatalog; path = Images.xcassets; sourceTree = "<group>"; };
		BDC8E4531A759A9E0013C2BE /* Base */ = {isa = PBXFileReference; lastKnownFileType = file.xib; name = Base; path = Base.lproj/LaunchScreen.xib; sourceTree = "<group>"; };
		BDC8E4591A759A9E0013C2BE /* RSS-AggregatorTests.xctest */ = {isa = PBXFileReference; explicitFileType = wrapper.cfbundle; includeInIndex = 0; path = "RSS-AggregatorTests.xctest"; sourceTree = BUILT_PRODUCTS_DIR; };
		BDC8E45E1A759A9E0013C2BE /* Info.plist */ = {isa = PBXFileReference; lastKnownFileType = text.plist.xml; path = Info.plist; sourceTree = "<group>"; };
		BDC8E45F1A759A9E0013C2BE /* RSS_AggregatorTests.m */ = {isa = PBXFileReference; lastKnownFileType = sourcecode.c.objc; path = RSS_AggregatorTests.m; sourceTree = "<group>"; };
/* End PBXFileReference section */

/* Begin PBXFrameworksBuildPhase section */
		BDC8E43A1A759A9E0013C2BE /* Frameworks */ = {
			isa = PBXFrameworksBuildPhase;
			buildActionMask = 2147483647;
			files = (
			);
			runOnlyForDeploymentPostprocessing = 0;
		};
		BDC8E4561A759A9E0013C2BE /* Frameworks */ = {
			isa = PBXFrameworksBuildPhase;
			buildActionMask = 2147483647;
			files = (
			);
			runOnlyForDeploymentPostprocessing = 0;
		};
/* End PBXFrameworksBuildPhase section */

/* Begin PBXGroup section */
		BDC8E4341A759A9E0013C2BE = {
			isa = PBXGroup;
			children = (
				BDC8E43F1A759A9E0013C2BE /* RSS-Aggregator */,
				BDC8E45C1A759A9E0013C2BE /* RSS-AggregatorTests */,
				BDC8E43E1A759A9E0013C2BE /* Products */,
			);
			sourceTree = "<group>";
		};
		BDC8E43E1A759A9E0013C2BE /* Products */ = {
			isa = PBXGroup;
			children = (
				BDC8E43D1A759A9E0013C2BE /* RSS-Aggregator.app */,
				BDC8E4591A759A9E0013C2BE /* RSS-AggregatorTests.xctest */,
			);
			name = Products;
			sourceTree = "<group>";
		};
		BDC8E43F1A759A9E0013C2BE /* RSS-Aggregator */ = {
			isa = PBXGroup;
			children = (
				BD2013A61A775FF900FBE6C8 /* BWDB.h */,
				BD2013A71A775FF900FBE6C8 /* BWDB.m */,
				BDC8E4441A759A9E0013C2BE /* AppDelegate.h */,
				BDC8E4451A759A9E0013C2BE /* AppDelegate.m */,
				BDC8E4471A759A9E0013C2BE /* MasterViewController.h */,
				BDC8E4481A759A9E0013C2BE /* MasterViewController.m */,
				BDC8E44A1A759A9E0013C2BE /* DetailViewController.h */,
				BDC8E44B1A759A9E0013C2BE /* DetailViewController.m */,
				BDC8E44D1A759A9E0013C2BE /* Main.storyboard */,
				BDC8E4501A759A9E0013C2BE /* Images.xcassets */,
				BDC8E4521A759A9E0013C2BE /* LaunchScreen.xib */,
				BDC8E4401A759A9E0013C2BE /* Supporting Files */,
			);
			path = "RSS-Aggregator";
			sourceTree = "<group>";
		};
		BDC8E4401A759A9E0013C2BE /* Supporting Files */ = {
			isa = PBXGroup;
			children = (
				BDC8E4411A759A9E0013C2BE /* Info.plist */,
				BDC8E4421A759A9E0013C2BE /* main.m */,
			);
			name = "Supporting Files";
			sourceTree = "<group>";
		};
		BDC8E45C1A759A9E0013C2BE /* RSS-AggregatorTests */ = {
			isa = PBXGroup;
			children = (
				BDC8E45F1A759A9E0013C2BE /* RSS_AggregatorTests.m */,
				BDC8E45D1A759A9E0013C2BE /* Supporting Files */,
			);
			path = "RSS-AggregatorTests";
			sourceTree = "<group>";
		};
		BDC8E45D1A759A9E0013C2BE /* Supporting Files */ = {
			isa = PBXGroup;
			children = (
				BDC8E45E1A759A9E0013C2BE /* Info.plist */,
			);
			name = "Supporting Files";
			sourceTree = "<group>";
		};
/* End PBXGroup section */

/* Begin PBXNativeTarget section */
		BDC8E43C1A759A9E0013C2BE /* RSS-Aggregator */ = {
			isa = PBXNativeTarget;
			buildConfigurationList = BDC8E4631A759A9E0013C2BE /* Build configuration list for PBXNativeTarget "RSS-Aggregator" */;
			buildPhases = (
				BDC8E4391A759A9E0013C2BE /* Sources */,
				BDC8E43A1A759A9E0013C2BE /* Frameworks */,
				BDC8E43B1A759A9E0013C2BE /* Resources */,
			);
			buildRules = (
			);
			dependencies = (
			);
			name = "RSS-Aggregator";
			productName = "RSS-Aggregator";
			productReference = BDC8E43D1A759A9E0013C2BE /* RSS-Aggregator.app */;
			productType = "com.apple.product-type.application";
		};
		BDC8E4581A759A9E0013C2BE /* RSS-AggregatorTests */ = {
			isa = PBXNativeTarget;
			buildConfigurationList = BDC8E4661A759A9E0013C2BE /* Build configuration list for PBXNativeTarget "RSS-AggregatorTests" */;
			buildPhases = (
				BDC8E4551A759A9E0013C2BE /* Sources */,
				BDC8E4561A759A9E0013C2BE /* Frameworks */,
				BDC8E4571A759A9E0013C2BE /* Resources */,
			);
			buildRules = (
			);
			dependencies = (
				BDC8E45B1A759A9E0013C2BE /* PBXTargetDependency */,
			);
			name = "RSS-AggregatorTests";
			productName = "RSS-AggregatorTests";
			productReference = BDC8E4591A759A9E0013C2BE /* RSS-AggregatorTests.xctest */;
			productType = "com.apple.product-type.bundle.unit-test";
		};
/* End PBXNativeTarget section */

/* Begin PBXProject section */
		BDC8E4351A759A9E0013C2BE /* Project object */ = {
			isa = PBXProject;
			attributes = {
				LastUpgradeCheck = 0610;
				ORGANIZATIONNAME = "Rohan Aurora";
				TargetAttributes = {
					BDC8E43C1A759A9E0013C2BE = {
						CreatedOnToolsVersion = 6.1.1;
					};
					BDC8E4581A759A9E0013C2BE = {
						CreatedOnToolsVersion = 6.1.1;
						TestTargetID = BDC8E43C1A759A9E0013C2BE;
					};
				};
			};
			buildConfigurationList = BDC8E4381A759A9E0013C2BE /* Build configuration list for PBXProject "RSS-Aggregator" */;
			compatibilityVersion = "Xcode 3.2";
			developmentRegion = English;
			hasScannedForEncodings = 0;
			knownRegions = (
				en,
				Base,
			);
			mainGroup = BDC8E4341A759A9E0013C2BE;
			productRefGroup = BDC8E43E1A759A9E0013C2BE /* Products */;
			projectDirPath = "";
			projectRoot = "";
			targets = (
				BDC8E43C1A759A9E0013C2BE /* RSS-Aggregator */,
				BDC8E4581A759A9E0013C2BE /* RSS-AggregatorTests */,
			);
		};
/* End PBXProject section */

/* Begin PBXResourcesBuildPhase section */
		BDC8E43B1A759A9E0013C2BE /* Resources */ = {
			isa = PBXResourcesBuildPhase;
			buildActionMask = 2147483647;
			files = (
				BDC8E44F1A759A9E0013C2BE /* Main.storyboard in Resources */,
				BDC8E4541A759A9E0013C2BE /* LaunchScreen.xib in Resources */,
				BDC8E4511A759A9E0013C2BE /* Images.xcassets in Resources */,
			);
			runOnlyForDeploymentPostprocessing = 0;
		};
		BDC8E4571A759A9E0013C2BE /* Resources */ = {
			isa = PBXResourcesBuildPhase;
			buildActionMask = 2147483647;
			files = (
			);
			runOnlyForDeploymentPostprocessing = 0;
		};
/* End PBXResourcesBuildPhase section */

/* Begin PBXSourcesBuildPhase section */
		BDC8E4391A759A9E0013C2BE /* Sources */ = {
			isa = PBXSourcesBuildPhase;
			buildActionMask = 2147483647;
			files = (
				BD2013A81A775FF900FBE6C8 /* BWDB.m in Sources */,
				BDC8E4461A759A9E0013C2BE /* AppDelegate.m in Sources */,
				BDC8E4491A759A9E0013C2BE /* MasterViewController.m in Sources */,
				BDC8E4431A759A9E0013C2BE /* main.m in Sources */,
				BDC8E44C1A759A9E0013C2BE /* DetailViewController.m in Sources */,
			);
			runOnlyForDeploymentPostprocessing = 0;
		};
		BDC8E4551A759A9E0013C2BE /* Sources */ = {
			isa = PBXSourcesBuildPhase;
			buildActionMask = 2147483647;
			files = (
				BDC8E4601A759A9E0013C2BE /* RSS_AggregatorTests.m in Sources */,
			);
			runOnlyForDeploymentPostprocessing = 0;
		};
/* End PBXSourcesBuildPhase section */

/* Begin PBXTargetDependency section */
		BDC8E45B1A759A9E0013C2BE /* PBXTargetDependency */ = {
			isa = PBXTargetDependency;
			target = BDC8E43C1A759A9E0013C2BE /* RSS-Aggregator */;
			targetProxy = BDC8E45A1A759A9E0013C2BE /* PBXContainerItemProxy */;
		};
/* End PBXTargetDependency section */

/* Begin PBXVariantGroup section */
		BDC8E44D1A759A9E0013C2BE /* Main.storyboard */ = {
			isa = PBXVariantGroup;
			children = (
				BDC8E44E1A759A9E0013C2BE /* Base */,
			);
			name = Main.storyboard;
			sourceTree = "<group>";
		};
		BDC8E4521A759A9E0013C2BE /* LaunchScreen.xib */ = {
			isa = PBXVariantGroup;
			children = (
				BDC8E4531A759A9E0013C2BE /* Base */,
			);
			name = LaunchScreen.xib;
			sourceTree = "<group>";
		};
/* End PBXVariantGroup section */

/* Begin XCBuildConfiguration section */
		BDC8E4611A759A9E0013C2BE /* Debug */ = {
			isa = XCBuildConfiguration;
			buildSettings = {
				ALWAYS_SEARCH_USER_PATHS = NO;
				CLANG_CXX_LANGUAGE_STANDARD = "gnu++0x";
				CLANG_CXX_LIBRARY = "libc++";
				CLANG_ENABLE_MODULES = YES;
				CLANG_ENABLE_OBJC_ARC = YES;
				CLANG_WARN_BOOL_CONVERSION = YES;
				CLANG_WARN_CONSTANT_CONVERSION = YES;
				CLANG_WARN_DIRECT_OBJC_ISA_USAGE = YES_ERROR;
				CLANG_WARN_EMPTY_BODY = YES;
				CLANG_WARN_ENUM_CONVERSION = YES;
				CLANG_WARN_INT_CONVERSION = YES;
				CLANG_WARN_OBJC_ROOT_CLASS = YES_ERROR;
				CLANG_WARN_UNREACHABLE_CODE = YES;
				CLANG_WARN__DUPLICATE_METHOD_MATCH = YES;
				"CODE_SIGN_IDENTITY[sdk=iphoneos*]" = "iPhone Developer";
				COPY_PHASE_STRIP = NO;
				ENABLE_STRICT_OBJC_MSGSEND = YES;
				GCC_C_LANGUAGE_STANDARD = gnu99;
				GCC_DYNAMIC_NO_PIC = NO;
				GCC_OPTIMIZATION_LEVEL = 0;
				GCC_PREPROCESSOR_DEFINITIONS = (
					"DEBUG=1",
					"$(inherited)",
				);
				GCC_SYMBOLS_PRIVATE_EXTERN = NO;
				GCC_WARN_64_TO_32_BIT_CONVERSION = YES;
				GCC_WARN_ABOUT_RETURN_TYPE = YES_ERROR;
				GCC_WARN_UNDECLARED_SELECTOR = YES;
				GCC_WARN_UNINITIALIZED_AUTOS = YES_AGGRESSIVE;
				GCC_WARN_UNUSED_FUNCTION = YES;
				GCC_WARN_UNUSED_VARIABLE = YES;
				IPHONEOS_DEPLOYMENT_TARGET = 8.1;
				MTL_ENABLE_DEBUG_INFO = YES;
				ONLY_ACTIVE_ARCH = YES;
				SDKROOT = iphoneos;
				TARGETED_DEVICE_FAMILY = "1,2";
			};
			name = Debug;
		};
		BDC8E4621A759A9E0013C2BE /* Release */ = {
			isa = XCBuildConfiguration;
			buildSettings = {
				ALWAYS_SEARCH_USER_PATHS = NO;
				CLANG_CXX_LANGUAGE_STANDARD = "gnu++0x";
				CLANG_CXX_LIBRARY = "libc++";
				CLANG_ENABLE_MODULES = YES;
				CLANG_ENABLE_OBJC_ARC = YES;
				CLANG_WARN_BOOL_CONVERSION = YES;
				CLANG_WARN_CONSTANT_CONVERSION = YES;
				CLANG_WARN_DIRECT_OBJC_ISA_USAGE = YES_ERROR;
				CLANG_WARN_EMPTY_BODY = YES;
				CLANG_WARN_ENUM_CONVERSION = YES;
				CLANG_WARN_INT_CONVERSION = YES;
				CLANG_WARN_OBJC_ROOT_CLASS = YES_ERROR;
				CLANG_WARN_UNREACHABLE_CODE = YES;
				CLANG_WARN__DUPLICATE_METHOD_MATCH = YES;
				"CODE_SIGN_IDENTITY[sdk=iphoneos*]" = "iPhone Developer";
				COPY_PHASE_STRIP = YES;
				ENABLE_NS_ASSERTIONS = NO;
				ENABLE_STRICT_OBJC_MSGSEND = YES;
				GCC_C_LANGUAGE_STANDARD = gnu99;
				GCC_WARN_64_TO_32_BIT_CONVERSION = YES;
				GCC_WARN_ABOUT_RETURN_TYPE = YES_ERROR;
				GCC_WARN_UNDECLARED_SELECTOR = YES;
				GCC_WARN_UNINITIALIZED_AUTOS = YES_AGGRESSIVE;
				GCC_WARN_UNUSED_FUNCTION = YES;
				GCC_WARN_UNUSED_VARIABLE = YES;
				IPHONEOS_DEPLOYMENT_TARGET = 8.1;
				MTL_ENABLE_DEBUG_INFO = NO;
				SDKROOT = iphoneos;
				TARGETED_DEVICE_FAMILY = "1,2";
				VALIDATE_PRODUCT = YES;
			};
			name = Release;
		};
		BDC8E4641A759A9E0013C2BE /* Debug */ = {
			isa = XCBuildConfiguration;
			buildSettings = {
				ASSETCATALOG_COMPILER_APPICON_NAME = AppIcon;
				INFOPLIST_FILE = "RSS-Aggregator/Info.plist";
				LD_RUNPATH_SEARCH_PATHS = "$(inherited) @executable_path/Frameworks";
				PRODUCT_NAME = "$(TARGET_NAME)";
			};
			name = Debug;
		};
		BDC8E4651A759A9E0013C2BE /* Release */ = {
			isa = XCBuildConfiguration;
			buildSettings = {
				ASSETCATALOG_COMPILER_APPICON_NAME = AppIcon;
				INFOPLIST_FILE = "RSS-Aggregator/Info.plist";
				LD_RUNPATH_SEARCH_PATHS = "$(inherited) @executable_path/Frameworks";
				PRODUCT_NAME = "$(TARGET_NAME)";
			};
			name = Release;
		};
		BDC8E4671A759A9E0013C2BE /* Debug */ = {
			isa = XCBuildConfiguration;
			buildSettings = {
				BUNDLE_LOADER = "$(TEST_HOST)";
				FRAMEWORK_SEARCH_PATHS = (
					"$(SDKROOT)/Developer/Library/Frameworks",
					"$(inherited)",
				);
				GCC_PREPROCESSOR_DEFINITIONS = (
					"DEBUG=1",
					"$(inherited)",
				);
				INFOPLIST_FILE = "RSS-AggregatorTests/Info.plist";
				LD_RUNPATH_SEARCH_PATHS = "$(inherited) @executable_path/Frameworks @loader_path/Frameworks";
				PRODUCT_NAME = "$(TARGET_NAME)";
				TEST_HOST = "$(BUILT_PRODUCTS_DIR)/RSS-Aggregator.app/RSS-Aggregator";
			};
			name = Debug;
		};
		BDC8E4681A759A9E0013C2BE /* Release */ = {
			isa = XCBuildConfiguration;
			buildSettings = {
				BUNDLE_LOADER = "$(TEST_HOST)";
				FRAMEWORK_SEARCH_PATHS = (
					"$(SDKROOT)/Developer/Library/Frameworks",
					"$(inherited)",
				);
				INFOPLIST_FILE = "RSS-AggregatorTests/Info.plist";
				LD_RUNPATH_SEARCH_PATHS = "$(inherited) @executable_path/Frameworks @loader_path/Frameworks";
				PRODUCT_NAME = "$(TARGET_NAME)";
				TEST_HOST = "$(BUILT_PRODUCTS_DIR)/RSS-Aggregator.app/RSS-Aggregator";
			};
			name = Release;
		};
/* End XCBuildConfiguration section */

/* Begin XCConfigurationList section */
		BDC8E4381A759A9E0013C2BE /* Build configuration list for PBXProject "RSS-Aggregator" */ = {
			isa = XCConfigurationList;
			buildConfigurations = (
				BDC8E4611A759A9E0013C2BE /* Debug */,
				BDC8E4621A759A9E0013C2BE /* Release */,
			);
			defaultConfigurationIsVisible = 0;
			defaultConfigurationName = Release;
		};
		BDC8E4631A759A9E0013C2BE /* Build configuration list for PBXNativeTarget "RSS-Aggregator" */ = {
			isa = XCConfigurationList;
			buildConfigurations = (
				BDC8E4641A759A9E0013C2BE /* Debug */,
				BDC8E4651A759A9E0013C2BE /* Release */,
			);
			defaultConfigurationIsVisible = 0;
			defaultConfigurationName = Release;
		};
		BDC8E4661A759A9E0013C2BE /* Build configuration list for PBXNativeTarget "RSS-AggregatorTests" */ = {
			isa = XCConfigurationList;
			buildConfigurations = (
				BDC8E4671A759A9E0013C2BE /* Debug */,
				BDC8E4681A759A9E0013C2BE /* Release */,
			);
			defaultConfigurationIsVisible = 0;
			defaultConfigurationName = Release;
		};
/* End XCConfigurationList section */
	};
	rootObject = BDC8E4351A759A9E0013C2BE /* Project object */;
}
